
Microsoft Visual Studio Solution File, Format Version 12.00
# Visual Studio 15
VisualStudioVersion = 15.0.26730.16
MinimumVisualStudioVersion = 10.0.40219.1
Project("{FAE04EC0-301F-11D3-BF4B-00C04F79EFBC}") = "OpcUa.Client.WPF", "OpcUa.Client.WPF\OpcUa.Client.WPF.csproj", "{6A5C0335-9A64-4AE8-A20A-F86DF999EEB8}"
EndProject
Project("{FAE04EC0-301F-11D3-BF4B-00C04F79EFBC}") = "OpcUa.Client.Core", "OpcUa.Client.Core\OpcUa.Client.Core.csproj", "{694DEC57-6B2F-44E9-A4B8-72995B23A129}"
EndProject
Project("{FAE04EC0-301F-11D3-BF4B-00C04F79EFBC}") = "UA Client Library", "Client\UA Client Library.csproj", "{42E9198C-ED2C-4BC8-B0A1-55D91D8F1E90}"
EndProject
Project("{FAE04EC0-301F-11D3-BF4B-00C04F79EFBC}") = "UA Core Library", "Stack\Core\UA Core Library.csproj", "{7543AFCB-F5AF-44AF-83C9-23164474C1E9}"
EndProject
Project("{2150E333-8FDC-42A3-9474-1A3956D46DE8}") = "Ua Libraries", "Ua Libraries", "{BD5C936E-2B90-453A-A195-7C9E7932CD01}"
EndProject
Project("{2150E333-8FDC-42A3-9474-1A3956D46DE8}") = "Core", "Core", "{9D8AB212-5D7E-4696-AE36-C561655B8153}"
EndProject
Project("{2150E333-8FDC-42A3-9474-1A3956D46DE8}") = "Ui", "Ui", "{E9321F44-EFE9-47CF-9EF1-33752C080F02}"
EndProject
Global
	GlobalSection(SolutionConfigurationPlatforms) = preSolution
		Debug|Any CPU = Debug|Any CPU
		Release|Any CPU = Release|Any CPU
	EndGlobalSection
	GlobalSection(ProjectConfigurationPlatforms) = postSolution
		{6A5C0335-9A64-4AE8-A20A-F86DF999EEB8}.Debug|Any CPU.ActiveCfg = Debug|Any CPU
		{6A5C0335-9A64-4AE8-A20A-F86DF999EEB8}.Debug|Any CPU.Build.0 = Debug|Any CPU
		{6A5C0335-9A64-4AE8-A20A-F86DF999EEB8}.Release|Any CPU.ActiveCfg = Release|Any CPU
		{6A5C0335-9A64-4AE8-A20A-F86DF999EEB8}.Release|Any CPU.Build.0 = Release|Any CPU
		{694DEC57-6B2F-44E9-A4B8-72995B23A129}.Debug|Any CPU.ActiveCfg = Debug|Any CPU
		{694DEC57-6B2F-44E9-A4B8-72995B23A129}.Debug|Any CPU.Build.0 = Debug|Any CPU
		{694DEC57-6B2F-44E9-A4B8-72995B23A129}.Release|Any CPU.ActiveCfg = Release|Any CPU
		{694DEC57-6B2F-44E9-A4B8-72995B23A129}.Release|Any CPU.Build.0 = Release|Any CPU
		{42E9198C-ED2C-4BC8-B0A1-55D91D8F1E90}.Debug|Any CPU.ActiveCfg = Debug|Any CPU
		{42E9198C-ED2C-4BC8-B0A1-55D91D8F1E90}.Debug|Any CPU.Build.0 = Debug|Any CPU
		{42E9198C-ED2C-4BC8-B0A1-55D91D8F1E90}.Release|Any CPU.ActiveCfg = Release|Any CPU
		{42E9198C-ED2C-4BC8-B0A1-55D91D8F1E90}.Release|Any CPU.Build.0 = Release|Any CPU
		{7543AFCB-F5AF-44AF-83C9-23164474C1E9}.Debug|Any CPU.ActiveCfg = Debug|Any CPU
		{7543AFCB-F5AF-44AF-83C9-23164474C1E9}.Debug|Any CPU.Build.0 = Debug|Any CPU
		{7543AFCB-F5AF-44AF-83C9-23164474C1E9}.Release|Any CPU.ActiveCfg = Release|Any CPU
		{7543AFCB-F5AF-44AF-83C9-23164474C1E9}.Release|Any CPU.Build.0 = Release|Any CPU
	EndGlobalSection
	GlobalSection(SolutionProperties) = preSolution
		HideSolutionNode = FALSE
	EndGlobalSection
	GlobalSection(NestedProjects) = preSolution
		{6A5C0335-9A64-4AE8-A20A-F86DF999EEB8} = {E9321F44-EFE9-47CF-9EF1-33752C080F02}
		{694DEC57-6B2F-44E9-A4B8-72995B23A129} = {9D8AB212-5D7E-4696-AE36-C561655B8153}
		{42E9198C-ED2C-4BC8-B0A1-55D91D8F1E90} = {BD5C936E-2B90-453A-A195-7C9E7932CD01}
		{7543AFCB-F5AF-44AF-83C9-23164474C1E9} = {BD5C936E-2B90-453A-A195-7C9E7932CD01}
	EndGlobalSection
	GlobalSection(ExtensibilityGlobals) = postSolution
		SolutionGuid = {5C924BDE-9D8E-415A-B65C-9C4BFD12E5C3}
	EndGlobalSection
EndGlobal
